
Microsoft Visual Studio Solution File, Format Version 12.00
# Visual Studio 14
VisualStudioVersion = 14.0.25420.1
MinimumVisualStudioVersion = 10.0.40219.1
Project("{FAE04EC0-301F-11D3-BF4B-00C04F79EFBC}") = "ApplesAndPearsKata", "ApplesAndPearsKata\ApplesAndPearsKata.csproj", "{961B44A8-8867-4C1F-B6CD-308FD8484193}"
EndProject
Project("{FAE04EC0-301F-11D3-BF4B-00C04F79EFBC}") = "ApplesAndPearsKataTests", "ApplesAndPearsKataTests\ApplesAndPearsKataTests.csproj", "{26A6FB55-1A37-40DB-A6D7-9F69843780D5}"
EndProject
Global
	GlobalSection(SolutionConfigurationPlatforms) = preSolution
		Debug|Any CPU = Debug|Any CPU
		Release|Any CPU = Release|Any CPU
	EndGlobalSection
	GlobalSection(ProjectConfigurationPlatforms) = postSolution
		{961B44A8-8867-4C1F-B6CD-308FD8484193}.Debug|Any CPU.ActiveCfg = Debug|Any CPU
		{961B44A8-8867-4C1F-B6CD-308FD8484193}.Debug|Any CPU.Build.0 = Debug|Any CPU
		{961B44A8-8867-4C1F-B6CD-308FD8484193}.Release|Any CPU.ActiveCfg = Release|Any CPU
		{961B44A8-8867-4C1F-B6CD-308FD8484193}.Release|Any CPU.Build.0 = Release|Any CPU
		{26A6FB55-1A37-40DB-A6D7-9F69843780D5}.Debug|Any CPU.ActiveCfg = Debug|Any CPU
		{26A6FB55-1A37-40DB-A6D7-9F69843780D5}.Debug|Any CPU.Build.0 = Debug|Any CPU
		{26A6FB55-1A37-40DB-A6D7-9F69843780D5}.Release|Any CPU.ActiveCfg = Release|Any CPU
		{26A6FB55-1A37-40DB-A6D7-9F69843780D5}.Release|Any CPU.Build.0 = Release|Any CPU
	EndGlobalSection
	GlobalSection(SolutionProperties) = preSolution
		HideSolutionNode = FALSE
	EndGlobalSection
EndGlobal
